// !$*UTF8*$!
{
	archiveVersion = 1;
	classes = {
	};
	objectVersion = 46;
	objects = {

/* Begin PBXBuildFile section */
		5E6F2F45193FCAC700D097F2 /* Foundation.framework in Frameworks */ = {isa = PBXBuildFile; fileRef = 5E6F2F44193FCAC700D097F2 /* Foundation.framework */; };
		5E6F2F47193FCAC700D097F2 /* CoreGraphics.framework in Frameworks */ = {isa = PBXBuildFile; fileRef = 5E6F2F46193FCAC700D097F2 /* CoreGraphics.framework */; };
		5E6F2F49193FCAC700D097F2 /* UIKit.framework in Frameworks */ = {isa = PBXBuildFile; fileRef = 5E6F2F48193FCAC700D097F2 /* UIKit.framework */; };
		5E6F2F4F193FCAC700D097F2 /* InfoPlist.strings in Resources */ = {isa = PBXBuildFile; fileRef = 5E6F2F4D193FCAC700D097F2 /* InfoPlist.strings */; };
		5E6F2F51193FCAC700D097F2 /* main.m in Sources */ = {isa = PBXBuildFile; fileRef = 5E6F2F50193FCAC700D097F2 /* main.m */; };
		5E6F2F55193FCAC700D097F2 /* BNRAppDelegate.m in Sources */ = {isa = PBXBuildFile; fileRef = 5E6F2F54193FCAC700D097F2 /* BNRAppDelegate.m */; };
		5E6F2F57193FCAC700D097F2 /* Images.xcassets in Resources */ = {isa = PBXBuildFile; fileRef = 5E6F2F56193FCAC700D097F2 /* Images.xcassets */; };
		5E6F2F5E193FCAC800D097F2 /* XCTest.framework in Frameworks */ = {isa = PBXBuildFile; fileRef = 5E6F2F5D193FCAC800D097F2 /* XCTest.framework */; };
		5E6F2F5F193FCAC800D097F2 /* Foundation.framework in Frameworks */ = {isa = PBXBuildFile; fileRef = 5E6F2F44193FCAC700D097F2 /* Foundation.framework */; };
		5E6F2F60193FCAC800D097F2 /* UIKit.framework in Frameworks */ = {isa = PBXBuildFile; fileRef = 5E6F2F48193FCAC700D097F2 /* UIKit.framework */; };
		5E6F2F68193FCAC800D097F2 /* InfoPlist.strings in Resources */ = {isa = PBXBuildFile; fileRef = 5E6F2F66193FCAC800D097F2 /* InfoPlist.strings */; };
		5E6F2F6A193FCAC800D097F2 /* HypnoNerdTests.m in Sources */ = {isa = PBXBuildFile; fileRef = 5E6F2F69193FCAC800D097F2 /* HypnoNerdTests.m */; };
		5E6F2F75193FCB5600D097F2 /* BNRHypnosisView.m in Sources */ = {isa = PBXBuildFile; fileRef = 5E6F2F74193FCB5600D097F2 /* BNRHypnosisView.m */; };
		5E6F2F78193FCBB600D097F2 /* BNRHypnosisViewController.m in Sources */ = {isa = PBXBuildFile; fileRef = 5E6F2F77193FCBB600D097F2 /* BNRHypnosisViewController.m */; };
		5E6F2F7B193FCDA200D097F2 /* BNRReminderViewController.m in Sources */ = {isa = PBXBuildFile; fileRef = 5E6F2F7A193FCDA200D097F2 /* BNRReminderViewController.m */; };
		5E6F2F7D193FCEFE00D097F2 /* BNRReminderViewController.xib in Resources */ = {isa = PBXBuildFile; fileRef = 5E6F2F7C193FCEFE00D097F2 /* BNRReminderViewController.xib */; };
		5E6F2F821940067800D097F2 /* Hypno.png in Resources */ = {isa = PBXBuildFile; fileRef = 5E6F2F7E1940067800D097F2 /* Hypno.png */; };
		5E6F2F831940067800D097F2 /* Hypno@2x.png in Resources */ = {isa = PBXBuildFile; fileRef = 5E6F2F7F1940067800D097F2 /* Hypno@2x.png */; };
		5E6F2F841940067800D097F2 /* Time.png in Resources */ = {isa = PBXBuildFile; fileRef = 5E6F2F801940067800D097F2 /* Time.png */; };
		5E6F2F851940067800D097F2 /* Time@2x.png in Resources */ = {isa = PBXBuildFile; fileRef = 5E6F2F811940067800D097F2 /* Time@2x.png */; };
/* End PBXBuildFile section */

/* Begin PBXContainerItemProxy section */
		5E6F2F61193FCAC800D097F2 /* PBXContainerItemProxy */ = {
			isa = PBXContainerItemProxy;
			containerPortal = 5E6F2F39193FCAC700D097F2 /* Project object */;
			proxyType = 1;
			remoteGlobalIDString = 5E6F2F40193FCAC700D097F2;
			remoteInfo = HypnoNerd;
		};
/* End PBXContainerItemProxy section */

/* Begin PBXFileReference section */
		5E6F2F41193FCAC700D097F2 /* HypnoNerd.app */ = {isa = PBXFileReference; explicitFileType = wrapper.application; includeInIndex = 0; path = HypnoNerd.app; sourceTree = BUILT_PRODUCTS_DIR; };
		5E6F2F44193FCAC700D097F2 /* Foundation.framework */ = {isa = PBXFileReference; lastKnownFileType = wrapper.framework; name = Foundation.framework; path = System/Library/Frameworks/Foundation.framework; sourceTree = SDKROOT; };
		5E6F2F46193FCAC700D097F2 /* CoreGraphics.framework */ = {isa = PBXFileReference; lastKnownFileType = wrapper.framework; name = CoreGraphics.framework; path = System/Library/Frameworks/CoreGraphics.framework; sourceTree = SDKROOT; };
		5E6F2F48193FCAC700D097F2 /* UIKit.framework */ = {isa = PBXFileReference; lastKnownFileType = wrapper.framework; name = UIKit.framework; path = System/Library/Frameworks/UIKit.framework; sourceTree = SDKROOT; };
		5E6F2F4C193FCAC700D097F2 /* HypnoNerd-Info.plist */ = {isa = PBXFileReference; lastKnownFileType = text.plist.xml; path = "HypnoNerd-Info.plist"; sourceTree = "<group>"; };
		5E6F2F4E193FCAC700D097F2 /* en */ = {isa = PBXFileReference; lastKnownFileType = text.plist.strings; name = en; path = en.lproj/InfoPlist.strings; sourceTree = "<group>"; };
		5E6F2F50193FCAC700D097F2 /* main.m */ = {isa = PBXFileReference; lastKnownFileType = sourcecode.c.objc; path = main.m; sourceTree = "<group>"; };
		5E6F2F52193FCAC700D097F2 /* HypnoNerd-Prefix.pch */ = {isa = PBXFileReference; lastKnownFileType = sourcecode.c.h; path = "HypnoNerd-Prefix.pch"; sourceTree = "<group>"; };
		5E6F2F53193FCAC700D097F2 /* BNRAppDelegate.h */ = {isa = PBXFileReference; lastKnownFileType = sourcecode.c.h; path = BNRAppDelegate.h; sourceTree = "<group>"; };
		5E6F2F54193FCAC700D097F2 /* BNRAppDelegate.m */ = {isa = PBXFileReference; lastKnownFileType = sourcecode.c.objc; path = BNRAppDelegate.m; sourceTree = "<group>"; };
		5E6F2F56193FCAC700D097F2 /* Images.xcassets */ = {isa = PBXFileReference; lastKnownFileType = folder.assetcatalog; path = Images.xcassets; sourceTree = "<group>"; };
		5E6F2F5C193FCAC800D097F2 /* HypnoNerdTests.xctest */ = {isa = PBXFileReference; explicitFileType = wrapper.cfbundle; includeInIndex = 0; path = HypnoNerdTests.xctest; sourceTree = BUILT_PRODUCTS_DIR; };
		5E6F2F5D193FCAC800D097F2 /* XCTest.framework */ = {isa = PBXFileReference; lastKnownFileType = wrapper.framework; name = XCTest.framework; path = Library/Frameworks/XCTest.framework; sourceTree = DEVELOPER_DIR; };
		5E6F2F65193FCAC800D097F2 /* HypnoNerdTests-Info.plist */ = {isa = PBXFileReference; lastKnownFileType = text.plist.xml; path = "HypnoNerdTests-Info.plist"; sourceTree = "<group>"; };
		5E6F2F67193FCAC800D097F2 /* en */ = {isa = PBXFileReference; lastKnownFileType = text.plist.strings; name = en; path = en.lproj/InfoPlist.strings; sourceTree = "<group>"; };
		5E6F2F69193FCAC800D097F2 /* HypnoNerdTests.m */ = {isa = PBXFileReference; lastKnownFileType = sourcecode.c.objc; path = HypnoNerdTests.m; sourceTree = "<group>"; };
		5E6F2F73193FCB5600D097F2 /* BNRHypnosisView.h */ = {isa = PBXFileReference; fileEncoding = 4; lastKnownFileType = sourcecode.c.h; path = BNRHypnosisView.h; sourceTree = "<group>"; };
		5E6F2F74193FCB5600D097F2 /* BNRHypnosisView.m */ = {isa = PBXFileReference; fileEncoding = 4; lastKnownFileType = sourcecode.c.objc; path = BNRHypnosisView.m; sourceTree = "<group>"; };
		5E6F2F76193FCBB600D097F2 /* BNRHypnosisViewController.h */ = {isa = PBXFileReference; fileEncoding = 4; lastKnownFileType = sourcecode.c.h; path = BNRHypnosisViewController.h; sourceTree = "<group>"; };
		5E6F2F77193FCBB600D097F2 /* BNRHypnosisViewController.m */ = {isa = PBXFileReference; fileEncoding = 4; lastKnownFileType = sourcecode.c.objc; path = BNRHypnosisViewController.m; sourceTree = "<group>"; };
		5E6F2F79193FCDA200D097F2 /* BNRReminderViewController.h */ = {isa = PBXFileReference; fileEncoding = 4; lastKnownFileType = sourcecode.c.h; path = BNRReminderViewController.h; sourceTree = "<group>"; };
		5E6F2F7A193FCDA200D097F2 /* BNRReminderViewController.m */ = {isa = PBXFileReference; fileEncoding = 4; lastKnownFileType = sourcecode.c.objc; path = BNRReminderViewController.m; sourceTree = "<group>"; };
		5E6F2F7C193FCEFE00D097F2 /* BNRReminderViewController.xib */ = {isa = PBXFileReference; fileEncoding = 4; lastKnownFileType = file.xib; path = BNRReminderViewController.xib; sourceTree = "<group>"; };
		5E6F2F7E1940067800D097F2 /* Hypno.png */ = {isa = PBXFileReference; lastKnownFileType = image.png; path = Hypno.png; sourceTree = "<group>"; };
		5E6F2F7F1940067800D097F2 /* Hypno@2x.png */ = {isa = PBXFileReference; lastKnownFileType = image.png; path = "Hypno@2x.png"; sourceTree = "<group>"; };
		5E6F2F801940067800D097F2 /* Time.png */ = {isa = PBXFileReference; lastKnownFileType = image.png; path = Time.png; sourceTree = "<group>"; };
		5E6F2F811940067800D097F2 /* Time@2x.png */ = {isa = PBXFileReference; lastKnownFileType = image.png; path = "Time@2x.png"; sourceTree = "<group>"; };
/* End PBXFileReference section */

/* Begin PBXFrameworksBuildPhase section */
		5E6F2F3E193FCAC700D097F2 /* Frameworks */ = {
			isa = PBXFrameworksBuildPhase;
			buildActionMask = 2147483647;
			files = (
				5E6F2F47193FCAC700D097F2 /* CoreGraphics.framework in Frameworks */,
				5E6F2F49193FCAC700D097F2 /* UIKit.framework in Frameworks */,
				5E6F2F45193FCAC700D097F2 /* Foundation.framework in Frameworks */,
			);
			runOnlyForDeploymentPostprocessing = 0;
		};
		5E6F2F59193FCAC800D097F2 /* Frameworks */ = {
			isa = PBXFrameworksBuildPhase;
			buildActionMask = 2147483647;
			files = (
				5E6F2F5E193FCAC800D097F2 /* XCTest.framework in Frameworks */,
				5E6F2F60193FCAC800D097F2 /* UIKit.framework in Frameworks */,
				5E6F2F5F193FCAC800D097F2 /* Foundation.framework in Frameworks */,
			);
			runOnlyForDeploymentPostprocessing = 0;
		};
/* End PBXFrameworksBuildPhase section */

/* Begin PBXGroup section */
		5E6F2F38193FCAC700D097F2 = {
			isa = PBXGroup;
			children = (
				5E6F2F4A193FCAC700D097F2 /* HypnoNerd */,
				5E6F2F63193FCAC800D097F2 /* HypnoNerdTests */,
				5E6F2F43193FCAC700D097F2 /* Frameworks */,
				5E6F2F42193FCAC700D097F2 /* Products */,
			);
			sourceTree = "<group>";
		};
		5E6F2F42193FCAC700D097F2 /* Products */ = {
			isa = PBXGroup;
			children = (
				5E6F2F41193FCAC700D097F2 /* HypnoNerd.app */,
				5E6F2F5C193FCAC800D097F2 /* HypnoNerdTests.xctest */,
			);
			name = Products;
			sourceTree = "<group>";
		};
		5E6F2F43193FCAC700D097F2 /* Frameworks */ = {
			isa = PBXGroup;
			children = (
				5E6F2F44193FCAC700D097F2 /* Foundation.framework */,
				5E6F2F46193FCAC700D097F2 /* CoreGraphics.framework */,
				5E6F2F48193FCAC700D097F2 /* UIKit.framework */,
				5E6F2F5D193FCAC800D097F2 /* XCTest.framework */,
			);
			name = Frameworks;
			sourceTree = "<group>";
		};
		5E6F2F4A193FCAC700D097F2 /* HypnoNerd */ = {
			isa = PBXGroup;
			children = (
				5E6F2F7E1940067800D097F2 /* Hypno.png */,
				5E6F2F7F1940067800D097F2 /* Hypno@2x.png */,
				5E6F2F801940067800D097F2 /* Time.png */,
				5E6F2F811940067800D097F2 /* Time@2x.png */,
				5E6F2F53193FCAC700D097F2 /* BNRAppDelegate.h */,
				5E6F2F54193FCAC700D097F2 /* BNRAppDelegate.m */,
				5E6F2F73193FCB5600D097F2 /* BNRHypnosisView.h */,
				5E6F2F74193FCB5600D097F2 /* BNRHypnosisView.m */,
				5E6F2F76193FCBB600D097F2 /* BNRHypnosisViewController.h */,
				5E6F2F77193FCBB600D097F2 /* BNRHypnosisViewController.m */,
				5E6F2F79193FCDA200D097F2 /* BNRReminderViewController.h */,
				5E6F2F7A193FCDA200D097F2 /* BNRReminderViewController.m */,
				5E6F2F7C193FCEFE00D097F2 /* BNRReminderViewController.xib */,
				5E6F2F56193FCAC700D097F2 /* Images.xcassets */,
				5E6F2F4B193FCAC700D097F2 /* Supporting Files */,
			);
			path = HypnoNerd;
			sourceTree = "<group>";
		};
		5E6F2F4B193FCAC700D097F2 /* Supporting Files */ = {
			isa = PBXGroup;
			children = (
				5E6F2F4C193FCAC700D097F2 /* HypnoNerd-Info.plist */,
				5E6F2F4D193FCAC700D097F2 /* InfoPlist.strings */,
				5E6F2F50193FCAC700D097F2 /* main.m */,
				5E6F2F52193FCAC700D097F2 /* HypnoNerd-Prefix.pch */,
			);
			name = "Supporting Files";
			sourceTree = "<group>";
		};
		5E6F2F63193FCAC800D097F2 /* HypnoNerdTests */ = {
			isa = PBXGroup;
			children = (
				5E6F2F69193FCAC800D097F2 /* HypnoNerdTests.m */,
				5E6F2F64193FCAC800D097F2 /* Supporting Files */,
			);
			path = HypnoNerdTests;
			sourceTree = "<group>";
		};
		5E6F2F64193FCAC800D097F2 /* Supporting Files */ = {
			isa = PBXGroup;
			children = (
				5E6F2F65193FCAC800D097F2 /* HypnoNerdTests-Info.plist */,
				5E6F2F66193FCAC800D097F2 /* InfoPlist.strings */,
			);
			name = "Supporting Files";
			sourceTree = "<group>";
		};
/* End PBXGroup section */

/* Begin PBXNativeTarget section */
		5E6F2F40193FCAC700D097F2 /* HypnoNerd */ = {
			isa = PBXNativeTarget;
			buildConfigurationList = 5E6F2F6D193FCAC800D097F2 /* Build configuration list for PBXNativeTarget "HypnoNerd" */;
			buildPhases = (
				5E6F2F3D193FCAC700D097F2 /* Sources */,
				5E6F2F3E193FCAC700D097F2 /* Frameworks */,
				5E6F2F3F193FCAC700D097F2 /* Resources */,
			);
			buildRules = (
			);
			dependencies = (
			);
			name = HypnoNerd;
			productName = HypnoNerd;
			productReference = 5E6F2F41193FCAC700D097F2 /* HypnoNerd.app */;
			productType = "com.apple.product-type.application";
		};
		5E6F2F5B193FCAC800D097F2 /* HypnoNerdTests */ = {
			isa = PBXNativeTarget;
			buildConfigurationList = 5E6F2F70193FCAC800D097F2 /* Build configuration list for PBXNativeTarget "HypnoNerdTests" */;
			buildPhases = (
				5E6F2F58193FCAC800D097F2 /* Sources */,
				5E6F2F59193FCAC800D097F2 /* Frameworks */,
				5E6F2F5A193FCAC800D097F2 /* Resources */,
			);
			buildRules = (
			);
			dependencies = (
				5E6F2F62193FCAC800D097F2 /* PBXTargetDependency */,
			);
			name = HypnoNerdTests;
			productName = HypnoNerdTests;
			productReference = 5E6F2F5C193FCAC800D097F2 /* HypnoNerdTests.xctest */;
			productType = "com.apple.product-type.bundle.unit-test";
		};
/* End PBXNativeTarget section */

/* Begin PBXProject section */
		5E6F2F39193FCAC700D097F2 /* Project object */ = {
			isa = PBXProject;
			attributes = {
				CLASSPREFIX = BNR;
				LastUpgradeCheck = 0510;
				ORGANIZATIONNAME = "Big Nerd Ranch";
				TargetAttributes = {
					5E6F2F5B193FCAC800D097F2 = {
						TestTargetID = 5E6F2F40193FCAC700D097F2;
					};
				};
			};
			buildConfigurationList = 5E6F2F3C193FCAC700D097F2 /* Build configuration list for PBXProject "HypnoNerd" */;
			compatibilityVersion = "Xcode 3.2";
			developmentRegion = English;
			hasScannedForEncodings = 0;
			knownRegions = (
				en,
			);
			mainGroup = 5E6F2F38193FCAC700D097F2;
			productRefGroup = 5E6F2F42193FCAC700D097F2 /* Products */;
			projectDirPath = "";
			projectRoot = "";
			targets = (
				5E6F2F40193FCAC700D097F2 /* HypnoNerd */,
				5E6F2F5B193FCAC800D097F2 /* HypnoNerdTests */,
			);
		};
/* End PBXProject section */

/* Begin PBXResourcesBuildPhase section */
		5E6F2F3F193FCAC700D097F2 /* Resources */ = {
			isa = PBXResourcesBuildPhase;
			buildActionMask = 2147483647;
			files = (
				5E6F2F851940067800D097F2 /* Time@2x.png in Resources */,
				5E6F2F841940067800D097F2 /* Time.png in Resources */,
				5E6F2F7D193FCEFE00D097F2 /* BNRReminderViewController.xib in Resources */,
				5E6F2F4F193FCAC700D097F2 /* InfoPlist.strings in Resources */,
				5E6F2F821940067800D097F2 /* Hypno.png in Resources */,
				5E6F2F831940067800D097F2 /* Hypno@2x.png in Resources */,
				5E6F2F57193FCAC700D097F2 /* Images.xcassets in Resources */,
			);
			runOnlyForDeploymentPostprocessing = 0;
		};
		5E6F2F5A193FCAC800D097F2 /* Resources */ = {
			isa = PBXResourcesBuildPhase;
			buildActionMask = 2147483647;
			files = (
				5E6F2F68193FCAC800D097F2 /* InfoPlist.strings in Resources */,
			);
			runOnlyForDeploymentPostprocessing = 0;
		};
/* End PBXResourcesBuildPhase section */

/* Begin PBXSourcesBuildPhase section */
		5E6F2F3D193FCAC700D097F2 /* Sources */ = {
			isa = PBXSourcesBuildPhase;
			buildActionMask = 2147483647;
			files = (
				5E6F2F78193FCBB600D097F2 /* BNRHypnosisViewController.m in Sources */,
				5E6F2F51193FCAC700D097F2 /* main.m in Sources */,
				5E6F2F55193FCAC700D097F2 /* BNRAppDelegate.m in Sources */,
				5E6F2F7B193FCDA200D097F2 /* BNRReminderViewController.m in Sources */,
				5E6F2F75193FCB5600D097F2 /* BNRHypnosisView.m in Sources */,
			);
			runOnlyForDeploymentPostprocessing = 0;
		};
		5E6F2F58193FCAC800D097F2 /* Sources */ = {
			isa = PBXSourcesBuildPhase;
			buildActionMask = 2147483647;
			files = (
				5E6F2F6A193FCAC800D097F2 /* HypnoNerdTests.m in Sources */,
			);
			runOnlyForDeploymentPostprocessing = 0;
		};
/* End PBXSourcesBuildPhase section */

/* Begin PBXTargetDependency section */
		5E6F2F62193FCAC800D097F2 /* PBXTargetDependency */ = {
			isa = PBXTargetDependency;
			target = 5E6F2F40193FCAC700D097F2 /* HypnoNerd */;
			targetProxy = 5E6F2F61193FCAC800D097F2 /* PBXContainerItemProxy */;
		};
/* End PBXTargetDependency section */

/* Begin PBXVariantGroup section */
		5E6F2F4D193FCAC700D097F2 /* InfoPlist.strings */ = {
			isa = PBXVariantGroup;
			children = (
				5E6F2F4E193FCAC700D097F2 /* en */,
			);
			name = InfoPlist.strings;
			sourceTree = "<group>";
		};
		5E6F2F66193FCAC800D097F2 /* InfoPlist.strings */ = {
			isa = PBXVariantGroup;
			children = (
				5E6F2F67193FCAC800D097F2 /* en */,
			);
			name = InfoPlist.strings;
			sourceTree = "<group>";
		};
/* End PBXVariantGroup section */

/* Begin XCBuildConfiguration section */
		5E6F2F6B193FCAC800D097F2 /* Debug */ = {
			isa = XCBuildConfiguration;
			buildSettings = {
				ALWAYS_SEARCH_USER_PATHS = NO;
				CLANG_CXX_LANGUAGE_STANDARD = "gnu++0x";
				CLANG_CXX_LIBRARY = "libc++";
				CLANG_ENABLE_MODULES = YES;
				CLANG_ENABLE_OBJC_ARC = YES;
				CLANG_WARN_BOOL_CONVERSION = YES;
				CLANG_WARN_CONSTANT_CONVERSION = YES;
				CLANG_WARN_DIRECT_OBJC_ISA_USAGE = YES_ERROR;
				CLANG_WARN_EMPTY_BODY = YES;
				CLANG_WARN_ENUM_CONVERSION = YES;
				CLANG_WARN_INT_CONVERSION = YES;
				CLANG_WARN_OBJC_ROOT_CLASS = YES_ERROR;
				CLANG_WARN__DUPLICATE_METHOD_MATCH = YES;
				"CODE_SIGN_IDENTITY[sdk=iphoneos*]" = "iPhone Developer";
				COPY_PHASE_STRIP = NO;
				GCC_C_LANGUAGE_STANDARD = gnu99;
				GCC_DYNAMIC_NO_PIC = NO;
				GCC_OPTIMIZATION_LEVEL = 0;
				GCC_PREPROCESSOR_DEFINITIONS = (
					"DEBUG=1",
					"$(inherited)",
				);
				GCC_SYMBOLS_PRIVATE_EXTERN = NO;
				GCC_WARN_64_TO_32_BIT_CONVERSION = YES;
				GCC_WARN_ABOUT_RETURN_TYPE = YES_ERROR;
				GCC_WARN_UNDECLARED_SELECTOR = YES;
				GCC_WARN_UNINITIALIZED_AUTOS = YES_AGGRESSIVE;
				GCC_WARN_UNUSED_FUNCTION = YES;
				GCC_WARN_UNUSED_VARIABLE = YES;
				IPHONEOS_DEPLOYMENT_TARGET = 7.1;
				ONLY_ACTIVE_ARCH = YES;
				SDKROOT = iphoneos;
			};
			name = Debug;
		};
		5E6F2F6C193FCAC800D097F2 /* Release */ = {
			isa = XCBuildConfiguration;
			buildSettings = {
				ALWAYS_SEARCH_USER_PATHS = NO;
				CLANG_CXX_LANGUAGE_STANDARD = "gnu++0x";
				CLANG_CXX_LIBRARY = "libc++";
				CLANG_ENABLE_MODULES = YES;
				CLANG_ENABLE_OBJC_ARC = YES;
				CLANG_WARN_BOOL_CONVERSION = YES;
				CLANG_WARN_CONSTANT_CONVERSION = YES;
				CLANG_WARN_DIRECT_OBJC_ISA_USAGE = YES_ERROR;
				CLANG_WARN_EMPTY_BODY = YES;
				CLANG_WARN_ENUM_CONVERSION = YES;
				CLANG_WARN_INT_CONVERSION = YES;
				CLANG_WARN_OBJC_ROOT_CLASS = YES_ERROR;
				CLANG_WARN__DUPLICATE_METHOD_MATCH = YES;
				"CODE_SIGN_IDENTITY[sdk=iphoneos*]" = "iPhone Developer";
				COPY_PHASE_STRIP = YES;
				ENABLE_NS_ASSERTIONS = NO;
				GCC_C_LANGUAGE_STANDARD = gnu99;
				GCC_WARN_64_TO_32_BIT_CONVERSION = YES;
				GCC_WARN_ABOUT_RETURN_TYPE = YES_ERROR;
				GCC_WARN_UNDECLARED_SELECTOR = YES;
				GCC_WARN_UNINITIALIZED_AUTOS = YES_AGGRESSIVE;
				GCC_WARN_UNUSED_FUNCTION = YES;
				GCC_WARN_UNUSED_VARIABLE = YES;
				IPHONEOS_DEPLOYMENT_TARGET = 7.1;
				SDKROOT = iphoneos;
				VALIDATE_PRODUCT = YES;
			};
			name = Release;
		};
		5E6F2F6E193FCAC800D097F2 /* Debug */ = {
			isa = XCBuildConfiguration;
			buildSettings = {
				ASSETCATALOG_COMPILER_APPICON_NAME = AppIcon;
				ASSETCATALOG_COMPILER_LAUNCHIMAGE_NAME = LaunchImage;
				GCC_PRECOMPILE_PREFIX_HEADER = YES;
				GCC_PREFIX_HEADER = "HypnoNerd/HypnoNerd-Prefix.pch";
				INFOPLIST_FILE = "HypnoNerd/HypnoNerd-Info.plist";
				PRODUCT_NAME = "$(TARGET_NAME)";
				WRAPPER_EXTENSION = app;
			};
			name = Debug;
		};
		5E6F2F6F193FCAC800D097F2 /* Release */ = {
			isa = XCBuildConfiguration;
			buildSettings = {
				ASSETCATALOG_COMPILER_APPICON_NAME = AppIcon;
				ASSETCATALOG_COMPILER_LAUNCHIMAGE_NAME = LaunchImage;
				GCC_PRECOMPILE_PREFIX_HEADER = YES;
				GCC_PREFIX_HEADER = "HypnoNerd/HypnoNerd-Prefix.pch";
				INFOPLIST_FILE = "HypnoNerd/HypnoNerd-Info.plist";
				PRODUCT_NAME = "$(TARGET_NAME)";
				WRAPPER_EXTENSION = app;
			};
			name = Release;
		};
		5E6F2F71193FCAC800D097F2 /* Debug */ = {
			isa = XCBuildConfiguration;
			buildSettings = {
				BUNDLE_LOADER = "$(BUILT_PRODUCTS_DIR)/HypnoNerd.app/HypnoNerd";
				FRAMEWORK_SEARCH_PATHS = (
					"$(SDKROOT)/Developer/Library/Frameworks",
					"$(inherited)",
					"$(DEVELOPER_FRAMEWORKS_DIR)",
				);
				GCC_PRECOMPILE_PREFIX_HEADER = YES;
				GCC_PREFIX_HEADER = "HypnoNerd/HypnoNerd-Prefix.pch";
				GCC_PREPROCESSOR_DEFINITIONS = (
					"DEBUG=1",
					"$(inherited)",
				);
				INFOPLIST_FILE = "HypnoNerdTests/HypnoNerdTests-Info.plist";
				PRODUCT_NAME = "$(TARGET_NAME)";
				TEST_HOST = "$(BUNDLE_LOADER)";
				WRAPPER_EXTENSION = xctest;
			};
			name = Debug;
		};
		5E6F2F72193FCAC800D097F2 /* Release */ = {
			isa = XCBuildConfiguration;
			buildSettings = {
				BUNDLE_LOADER = "$(BUILT_PRODUCTS_DIR)/HypnoNerd.app/HypnoNerd";
				FRAMEWORK_SEARCH_PATHS = (
					"$(SDKROOT)/Developer/Library/Frameworks",
					"$(inherited)",
					"$(DEVELOPER_FRAMEWORKS_DIR)",
				);
				GCC_PRECOMPILE_PREFIX_HEADER = YES;
				GCC_PREFIX_HEADER = "HypnoNerd/HypnoNerd-Prefix.pch";
				INFOPLIST_FILE = "HypnoNerdTests/HypnoNerdTests-Info.plist";
				PRODUCT_NAME = "$(TARGET_NAME)";
				TEST_HOST = "$(BUNDLE_LOADER)";
				WRAPPER_EXTENSION = xctest;
			};
			name = Release;
		};
/* End XCBuildConfiguration section */

/* Begin XCConfigurationList section */
		5E6F2F3C193FCAC700D097F2 /* Build configuration list for PBXProject "HypnoNerd" */ = {
			isa = XCConfigurationList;
			buildConfigurations = (
				5E6F2F6B193FCAC800D097F2 /* Debug */,
				5E6F2F6C193FCAC800D097F2 /* Release */,
			);
			defaultConfigurationIsVisible = 0;
			defaultConfigurationName = Release;
		};
		5E6F2F6D193FCAC800D097F2 /* Build configuration list for PBXNativeTarget "HypnoNerd" */ = {
			isa = XCConfigurationList;
			buildConfigurations = (
				5E6F2F6E193FCAC800D097F2 /* Debug */,
				5E6F2F6F193FCAC800D097F2 /* Release */,
			);
			defaultConfigurationIsVisible = 0;
		};
		5E6F2F70193FCAC800D097F2 /* Build configuration list for PBXNativeTarget "HypnoNerdTests" */ = {
			isa = XCConfigurationList;
			buildConfigurations = (
				5E6F2F71193FCAC800D097F2 /* Debug */,
				5E6F2F72193FCAC800D097F2 /* Release */,
			);
			defaultConfigurationIsVisible = 0;
		};
/* End XCConfigurationList section */
	};
	rootObject = 5E6F2F39193FCAC700D097F2 /* Project object */;
}
