// !$*UTF8*$!
{
	archiveVersion = 1;
	classes = {
	};
	objectVersion = 46;
	objects = {

/* Begin PBXBuildFile section */
		5E6F2F07193D90D300D097F2 /* Foundation.framework in Frameworks */ = {isa = PBXBuildFile; fileRef = 5E6F2F06193D90D300D097F2 /* Foundation.framework */; };
		5E6F2F09193D90D300D097F2 /* CoreGraphics.framework in Frameworks */ = {isa = PBXBuildFile; fileRef = 5E6F2F08193D90D300D097F2 /* CoreGraphics.framework */; };
		5E6F2F0B193D90D300D097F2 /* UIKit.framework in Frameworks */ = {isa = PBXBuildFile; fileRef = 5E6F2F0A193D90D300D097F2 /* UIKit.framework */; };
		5E6F2F11193D90D300D097F2 /* InfoPlist.strings in Resources */ = {isa = PBXBuildFile; fileRef = 5E6F2F0F193D90D300D097F2 /* InfoPlist.strings */; };
		5E6F2F13193D90D300D097F2 /* main.m in Sources */ = {isa = PBXBuildFile; fileRef = 5E6F2F12193D90D300D097F2 /* main.m */; };
		5E6F2F17193D90D300D097F2 /* BNRAppDelegate.m in Sources */ = {isa = PBXBuildFile; fileRef = 5E6F2F16193D90D300D097F2 /* BNRAppDelegate.m */; };
		5E6F2F19193D90D300D097F2 /* Images.xcassets in Resources */ = {isa = PBXBuildFile; fileRef = 5E6F2F18193D90D300D097F2 /* Images.xcassets */; };
		5E6F2F20193D90D300D097F2 /* XCTest.framework in Frameworks */ = {isa = PBXBuildFile; fileRef = 5E6F2F1F193D90D300D097F2 /* XCTest.framework */; };
		5E6F2F21193D90D300D097F2 /* Foundation.framework in Frameworks */ = {isa = PBXBuildFile; fileRef = 5E6F2F06193D90D300D097F2 /* Foundation.framework */; };
		5E6F2F22193D90D300D097F2 /* UIKit.framework in Frameworks */ = {isa = PBXBuildFile; fileRef = 5E6F2F0A193D90D300D097F2 /* UIKit.framework */; };
		5E6F2F2A193D90D300D097F2 /* InfoPlist.strings in Resources */ = {isa = PBXBuildFile; fileRef = 5E6F2F28193D90D300D097F2 /* InfoPlist.strings */; };
		5E6F2F2C193D90D300D097F2 /* HypnotizerTests.m in Sources */ = {isa = PBXBuildFile; fileRef = 5E6F2F2B193D90D300D097F2 /* HypnotizerTests.m */; };
		5E6F2F37193D91DA00D097F2 /* BNRHypnosisView.m in Sources */ = {isa = PBXBuildFile; fileRef = 5E6F2F36193D91DA00D097F2 /* BNRHypnosisView.m */; };
/* End PBXBuildFile section */

/* Begin PBXContainerItemProxy section */
		5E6F2F23193D90D300D097F2 /* PBXContainerItemProxy */ = {
			isa = PBXContainerItemProxy;
			containerPortal = 5E6F2EFB193D90D300D097F2 /* Project object */;
			proxyType = 1;
			remoteGlobalIDString = 5E6F2F02193D90D300D097F2;
			remoteInfo = Hypnotizer;
		};
/* End PBXContainerItemProxy section */

/* Begin PBXFileReference section */
		5E6F2F03193D90D300D097F2 /* Hypnosister.app */ = {isa = PBXFileReference; explicitFileType = wrapper.application; includeInIndex = 0; path = Hypnosister.app; sourceTree = BUILT_PRODUCTS_DIR; };
		5E6F2F06193D90D300D097F2 /* Foundation.framework */ = {isa = PBXFileReference; lastKnownFileType = wrapper.framework; name = Foundation.framework; path = System/Library/Frameworks/Foundation.framework; sourceTree = SDKROOT; };
		5E6F2F08193D90D300D097F2 /* CoreGraphics.framework */ = {isa = PBXFileReference; lastKnownFileType = wrapper.framework; name = CoreGraphics.framework; path = System/Library/Frameworks/CoreGraphics.framework; sourceTree = SDKROOT; };
		5E6F2F0A193D90D300D097F2 /* UIKit.framework */ = {isa = PBXFileReference; lastKnownFileType = wrapper.framework; name = UIKit.framework; path = System/Library/Frameworks/UIKit.framework; sourceTree = SDKROOT; };
		5E6F2F0E193D90D300D097F2 /* Hypnosister-Info.plist */ = {isa = PBXFileReference; lastKnownFileType = text.plist.xml; path = "Hypnosister-Info.plist"; sourceTree = "<group>"; };
		5E6F2F10193D90D300D097F2 /* en */ = {isa = PBXFileReference; lastKnownFileType = text.plist.strings; name = en; path = en.lproj/InfoPlist.strings; sourceTree = "<group>"; };
		5E6F2F12193D90D300D097F2 /* main.m */ = {isa = PBXFileReference; lastKnownFileType = sourcecode.c.objc; path = main.m; sourceTree = "<group>"; };
		5E6F2F14193D90D300D097F2 /* Hypnosister-Prefix.pch */ = {isa = PBXFileReference; lastKnownFileType = sourcecode.c.h; path = "Hypnosister-Prefix.pch"; sourceTree = "<group>"; };
		5E6F2F15193D90D300D097F2 /* BNRAppDelegate.h */ = {isa = PBXFileReference; lastKnownFileType = sourcecode.c.h; path = BNRAppDelegate.h; sourceTree = "<group>"; };
		5E6F2F16193D90D300D097F2 /* BNRAppDelegate.m */ = {isa = PBXFileReference; lastKnownFileType = sourcecode.c.objc; path = BNRAppDelegate.m; sourceTree = "<group>"; };
		5E6F2F18193D90D300D097F2 /* Images.xcassets */ = {isa = PBXFileReference; lastKnownFileType = folder.assetcatalog; path = Images.xcassets; sourceTree = "<group>"; };
		5E6F2F1E193D90D300D097F2 /* HypnosisterTests.xctest */ = {isa = PBXFileReference; explicitFileType = wrapper.cfbundle; includeInIndex = 0; path = HypnosisterTests.xctest; sourceTree = BUILT_PRODUCTS_DIR; };
		5E6F2F1F193D90D300D097F2 /* XCTest.framework */ = {isa = PBXFileReference; lastKnownFileType = wrapper.framework; name = XCTest.framework; path = Library/Frameworks/XCTest.framework; sourceTree = DEVELOPER_DIR; };
		5E6F2F27193D90D300D097F2 /* HypnosisterTests-Info.plist */ = {isa = PBXFileReference; lastKnownFileType = text.plist.xml; path = "HypnosisterTests-Info.plist"; sourceTree = "<group>"; };
		5E6F2F29193D90D300D097F2 /* en */ = {isa = PBXFileReference; lastKnownFileType = text.plist.strings; name = en; path = en.lproj/InfoPlist.strings; sourceTree = "<group>"; };
		5E6F2F2B193D90D300D097F2 /* HypnotizerTests.m */ = {isa = PBXFileReference; lastKnownFileType = sourcecode.c.objc; path = HypnotizerTests.m; sourceTree = "<group>"; };
		5E6F2F35193D91DA00D097F2 /* BNRHypnosisView.h */ = {isa = PBXFileReference; fileEncoding = 4; lastKnownFileType = sourcecode.c.h; path = BNRHypnosisView.h; sourceTree = "<group>"; };
		5E6F2F36193D91DA00D097F2 /* BNRHypnosisView.m */ = {isa = PBXFileReference; fileEncoding = 4; lastKnownFileType = sourcecode.c.objc; path = BNRHypnosisView.m; sourceTree = "<group>"; };
/* End PBXFileReference section */

/* Begin PBXFrameworksBuildPhase section */
		5E6F2F00193D90D300D097F2 /* Frameworks */ = {
			isa = PBXFrameworksBuildPhase;
			buildActionMask = 2147483647;
			files = (
				5E6F2F09193D90D300D097F2 /* CoreGraphics.framework in Frameworks */,
				5E6F2F0B193D90D300D097F2 /* UIKit.framework in Frameworks */,
				5E6F2F07193D90D300D097F2 /* Foundation.framework in Frameworks */,
			);
			runOnlyForDeploymentPostprocessing = 0;
		};
		5E6F2F1B193D90D300D097F2 /* Frameworks */ = {
			isa = PBXFrameworksBuildPhase;
			buildActionMask = 2147483647;
			files = (
				5E6F2F20193D90D300D097F2 /* XCTest.framework in Frameworks */,
				5E6F2F22193D90D300D097F2 /* UIKit.framework in Frameworks */,
				5E6F2F21193D90D300D097F2 /* Foundation.framework in Frameworks */,
			);
			runOnlyForDeploymentPostprocessing = 0;
		};
/* End PBXFrameworksBuildPhase section */

/* Begin PBXGroup section */
		5E6F2EFA193D90D300D097F2 = {
			isa = PBXGroup;
			children = (
				5E6F2F0C193D90D300D097F2 /* Hypnotizer */,
				5E6F2F25193D90D300D097F2 /* HypnotizerTests */,
				5E6F2F05193D90D300D097F2 /* Frameworks */,
				5E6F2F04193D90D300D097F2 /* Products */,
			);
			sourceTree = "<group>";
		};
		5E6F2F04193D90D300D097F2 /* Products */ = {
			isa = PBXGroup;
			children = (
				5E6F2F03193D90D300D097F2 /* Hypnosister.app */,
				5E6F2F1E193D90D300D097F2 /* HypnosisterTests.xctest */,
			);
			name = Products;
			sourceTree = "<group>";
		};
		5E6F2F05193D90D300D097F2 /* Frameworks */ = {
			isa = PBXGroup;
			children = (
				5E6F2F06193D90D300D097F2 /* Foundation.framework */,
				5E6F2F08193D90D300D097F2 /* CoreGraphics.framework */,
				5E6F2F0A193D90D300D097F2 /* UIKit.framework */,
				5E6F2F1F193D90D300D097F2 /* XCTest.framework */,
			);
			name = Frameworks;
			sourceTree = "<group>";
		};
		5E6F2F0C193D90D300D097F2 /* Hypnotizer */ = {
			isa = PBXGroup;
			children = (
				5E6F2F35193D91DA00D097F2 /* BNRHypnosisView.h */,
				5E6F2F36193D91DA00D097F2 /* BNRHypnosisView.m */,
				5E6F2F15193D90D300D097F2 /* BNRAppDelegate.h */,
				5E6F2F16193D90D300D097F2 /* BNRAppDelegate.m */,
				5E6F2F18193D90D300D097F2 /* Images.xcassets */,
				5E6F2F0D193D90D300D097F2 /* Supporting Files */,
			);
			path = Hypnotizer;
			sourceTree = "<group>";
		};
		5E6F2F0D193D90D300D097F2 /* Supporting Files */ = {
			isa = PBXGroup;
			children = (
				5E6F2F0E193D90D300D097F2 /* Hypnosister-Info.plist */,
				5E6F2F0F193D90D300D097F2 /* InfoPlist.strings */,
				5E6F2F12193D90D300D097F2 /* main.m */,
				5E6F2F14193D90D300D097F2 /* Hypnosister-Prefix.pch */,
			);
			name = "Supporting Files";
			sourceTree = "<group>";
		};
		5E6F2F25193D90D300D097F2 /* HypnotizerTests */ = {
			isa = PBXGroup;
			children = (
				5E6F2F2B193D90D300D097F2 /* HypnotizerTests.m */,
				5E6F2F26193D90D300D097F2 /* Supporting Files */,
			);
			path = HypnotizerTests;
			sourceTree = "<group>";
		};
		5E6F2F26193D90D300D097F2 /* Supporting Files */ = {
			isa = PBXGroup;
			children = (
				5E6F2F27193D90D300D097F2 /* HypnosisterTests-Info.plist */,
				5E6F2F28193D90D300D097F2 /* InfoPlist.strings */,
			);
			name = "Supporting Files";
			sourceTree = "<group>";
		};
/* End PBXGroup section */

/* Begin PBXNativeTarget section */
		5E6F2F02193D90D300D097F2 /* Hypnosister */ = {
			isa = PBXNativeTarget;
			buildConfigurationList = 5E6F2F2F193D90D300D097F2 /* Build configuration list for PBXNativeTarget "Hypnosister" */;
			buildPhases = (
				5E6F2EFF193D90D300D097F2 /* Sources */,
				5E6F2F00193D90D300D097F2 /* Frameworks */,
				5E6F2F01193D90D300D097F2 /* Resources */,
			);
			buildRules = (
			);
			dependencies = (
			);
			name = Hypnosister;
			productName = Hypnotizer;
			productReference = 5E6F2F03193D90D300D097F2 /* Hypnosister.app */;
			productType = "com.apple.product-type.application";
		};
		5E6F2F1D193D90D300D097F2 /* HypnosisterTests */ = {
			isa = PBXNativeTarget;
			buildConfigurationList = 5E6F2F32193D90D300D097F2 /* Build configuration list for PBXNativeTarget "HypnosisterTests" */;
			buildPhases = (
				5E6F2F1A193D90D300D097F2 /* Sources */,
				5E6F2F1B193D90D300D097F2 /* Frameworks */,
				5E6F2F1C193D90D300D097F2 /* Resources */,
			);
			buildRules = (
			);
			dependencies = (
				5E6F2F24193D90D300D097F2 /* PBXTargetDependency */,
			);
			name = HypnosisterTests;
			productName = HypnotizerTests;
			productReference = 5E6F2F1E193D90D300D097F2 /* HypnosisterTests.xctest */;
			productType = "com.apple.product-type.bundle.unit-test";
		};
/* End PBXNativeTarget section */

/* Begin PBXProject section */
		5E6F2EFB193D90D300D097F2 /* Project object */ = {
			isa = PBXProject;
			attributes = {
				CLASSPREFIX = BNR;
				LastUpgradeCheck = 0510;
				ORGANIZATIONNAME = "Big Nerd Ranch";
				TargetAttributes = {
					5E6F2F1D193D90D300D097F2 = {
						TestTargetID = 5E6F2F02193D90D300D097F2;
					};
				};
			};
			buildConfigurationList = 5E6F2EFE193D90D300D097F2 /* Build configuration list for PBXProject "Hypnosister" */;
			compatibilityVersion = "Xcode 3.2";
			developmentRegion = English;
			hasScannedForEncodings = 0;
			knownRegions = (
				en,
			);
			mainGroup = 5E6F2EFA193D90D300D097F2;
			productRefGroup = 5E6F2F04193D90D300D097F2 /* Products */;
			projectDirPath = "";
			projectRoot = "";
			targets = (
				5E6F2F02193D90D300D097F2 /* Hypnosister */,
				5E6F2F1D193D90D300D097F2 /* HypnosisterTests */,
			);
		};
/* End PBXProject section */

/* Begin PBXResourcesBuildPhase section */
		5E6F2F01193D90D300D097F2 /* Resources */ = {
			isa = PBXResourcesBuildPhase;
			buildActionMask = 2147483647;
			files = (
				5E6F2F11193D90D300D097F2 /* InfoPlist.strings in Resources */,
				5E6F2F19193D90D300D097F2 /* Images.xcassets in Resources */,
			);
			runOnlyForDeploymentPostprocessing = 0;
		};
		5E6F2F1C193D90D300D097F2 /* Resources */ = {
			isa = PBXResourcesBuildPhase;
			buildActionMask = 2147483647;
			files = (
				5E6F2F2A193D90D300D097F2 /* InfoPlist.strings in Resources */,
			);
			runOnlyForDeploymentPostprocessing = 0;
		};
/* End PBXResourcesBuildPhase section */

/* Begin PBXSourcesBuildPhase section */
		5E6F2EFF193D90D300D097F2 /* Sources */ = {
			isa = PBXSourcesBuildPhase;
			buildActionMask = 2147483647;
			files = (
				5E6F2F13193D90D300D097F2 /* main.m in Sources */,
				5E6F2F17193D90D300D097F2 /* BNRAppDelegate.m in Sources */,
				5E6F2F37193D91DA00D097F2 /* BNRHypnosisView.m in Sources */,
			);
			runOnlyForDeploymentPostprocessing = 0;
		};
		5E6F2F1A193D90D300D097F2 /* Sources */ = {
			isa = PBXSourcesBuildPhase;
			buildActionMask = 2147483647;
			files = (
				5E6F2F2C193D90D300D097F2 /* HypnotizerTests.m in Sources */,
			);
			runOnlyForDeploymentPostprocessing = 0;
		};
/* End PBXSourcesBuildPhase section */

/* Begin PBXTargetDependency section */
		5E6F2F24193D90D300D097F2 /* PBXTargetDependency */ = {
			isa = PBXTargetDependency;
			target = 5E6F2F02193D90D300D097F2 /* Hypnosister */;
			targetProxy = 5E6F2F23193D90D300D097F2 /* PBXContainerItemProxy */;
		};
/* End PBXTargetDependency section */

/* Begin PBXVariantGroup section */
		5E6F2F0F193D90D300D097F2 /* InfoPlist.strings */ = {
			isa = PBXVariantGroup;
			children = (
				5E6F2F10193D90D300D097F2 /* en */,
			);
			name = InfoPlist.strings;
			sourceTree = "<group>";
		};
		5E6F2F28193D90D300D097F2 /* InfoPlist.strings */ = {
			isa = PBXVariantGroup;
			children = (
				5E6F2F29193D90D300D097F2 /* en */,
			);
			name = InfoPlist.strings;
			sourceTree = "<group>";
		};
/* End PBXVariantGroup section */

/* Begin XCBuildConfiguration section */
		5E6F2F2D193D90D300D097F2 /* Debug */ = {
			isa = XCBuildConfiguration;
			buildSettings = {
				ALWAYS_SEARCH_USER_PATHS = NO;
				CLANG_CXX_LANGUAGE_STANDARD = "gnu++0x";
				CLANG_CXX_LIBRARY = "libc++";
				CLANG_ENABLE_MODULES = YES;
				CLANG_ENABLE_OBJC_ARC = YES;
				CLANG_WARN_BOOL_CONVERSION = YES;
				CLANG_WARN_CONSTANT_CONVERSION = YES;
				CLANG_WARN_DIRECT_OBJC_ISA_USAGE = YES_ERROR;
				CLANG_WARN_EMPTY_BODY = YES;
				CLANG_WARN_ENUM_CONVERSION = YES;
				CLANG_WARN_INT_CONVERSION = YES;
				CLANG_WARN_OBJC_ROOT_CLASS = YES_ERROR;
				CLANG_WARN__DUPLICATE_METHOD_MATCH = YES;
				"CODE_SIGN_IDENTITY[sdk=iphoneos*]" = "iPhone Developer";
				COPY_PHASE_STRIP = NO;
				GCC_C_LANGUAGE_STANDARD = gnu99;
				GCC_DYNAMIC_NO_PIC = NO;
				GCC_OPTIMIZATION_LEVEL = 0;
				GCC_PREPROCESSOR_DEFINITIONS = (
					"DEBUG=1",
					"$(inherited)",
				);
				GCC_SYMBOLS_PRIVATE_EXTERN = NO;
				GCC_WARN_64_TO_32_BIT_CONVERSION = YES;
				GCC_WARN_ABOUT_RETURN_TYPE = YES_ERROR;
				GCC_WARN_UNDECLARED_SELECTOR = YES;
				GCC_WARN_UNINITIALIZED_AUTOS = YES_AGGRESSIVE;
				GCC_WARN_UNUSED_FUNCTION = YES;
				GCC_WARN_UNUSED_VARIABLE = YES;
				IPHONEOS_DEPLOYMENT_TARGET = 7.1;
				ONLY_ACTIVE_ARCH = YES;
				SDKROOT = iphoneos;
			};
			name = Debug;
		};
		5E6F2F2E193D90D300D097F2 /* Release */ = {
			isa = XCBuildConfiguration;
			buildSettings = {
				ALWAYS_SEARCH_USER_PATHS = NO;
				CLANG_CXX_LANGUAGE_STANDARD = "gnu++0x";
				CLANG_CXX_LIBRARY = "libc++";
				CLANG_ENABLE_MODULES = YES;
				CLANG_ENABLE_OBJC_ARC = YES;
				CLANG_WARN_BOOL_CONVERSION = YES;
				CLANG_WARN_CONSTANT_CONVERSION = YES;
				CLANG_WARN_DIRECT_OBJC_ISA_USAGE = YES_ERROR;
				CLANG_WARN_EMPTY_BODY = YES;
				CLANG_WARN_ENUM_CONVERSION = YES;
				CLANG_WARN_INT_CONVERSION = YES;
				CLANG_WARN_OBJC_ROOT_CLASS = YES_ERROR;
				CLANG_WARN__DUPLICATE_METHOD_MATCH = YES;
				"CODE_SIGN_IDENTITY[sdk=iphoneos*]" = "iPhone Developer";
				COPY_PHASE_STRIP = YES;
				ENABLE_NS_ASSERTIONS = NO;
				GCC_C_LANGUAGE_STANDARD = gnu99;
				GCC_WARN_64_TO_32_BIT_CONVERSION = YES;
				GCC_WARN_ABOUT_RETURN_TYPE = YES_ERROR;
				GCC_WARN_UNDECLARED_SELECTOR = YES;
				GCC_WARN_UNINITIALIZED_AUTOS = YES_AGGRESSIVE;
				GCC_WARN_UNUSED_FUNCTION = YES;
				GCC_WARN_UNUSED_VARIABLE = YES;
				IPHONEOS_DEPLOYMENT_TARGET = 7.1;
				SDKROOT = iphoneos;
				VALIDATE_PRODUCT = YES;
			};
			name = Release;
		};
		5E6F2F30193D90D300D097F2 /* Debug */ = {
			isa = XCBuildConfiguration;
			buildSettings = {
				ASSETCATALOG_COMPILER_APPICON_NAME = AppIcon;
				ASSETCATALOG_COMPILER_LAUNCHIMAGE_NAME = LaunchImage;
				GCC_PRECOMPILE_PREFIX_HEADER = YES;
				GCC_PREFIX_HEADER = "Hypnotizer/Hypnosister-Prefix.pch";
				INFOPLIST_FILE = "Hypnotizer/Hypnosister-Info.plist";
				PRODUCT_NAME = Hypnosister;
				WRAPPER_EXTENSION = app;
			};
			name = Debug;
		};
		5E6F2F31193D90D300D097F2 /* Release */ = {
			isa = XCBuildConfiguration;
			buildSettings = {
				ASSETCATALOG_COMPILER_APPICON_NAME = AppIcon;
				ASSETCATALOG_COMPILER_LAUNCHIMAGE_NAME = LaunchImage;
				GCC_PRECOMPILE_PREFIX_HEADER = YES;
				GCC_PREFIX_HEADER = "Hypnotizer/Hypnosister-Prefix.pch";
				INFOPLIST_FILE = "Hypnotizer/Hypnosister-Info.plist";
				PRODUCT_NAME = Hypnosister;
				WRAPPER_EXTENSION = app;
			};
			name = Release;
		};
		5E6F2F33193D90D300D097F2 /* Debug */ = {
			isa = XCBuildConfiguration;
			buildSettings = {
				BUNDLE_LOADER = "$(BUILT_PRODUCTS_DIR)/Hypnotizer.app/Hypnotizer";
				FRAMEWORK_SEARCH_PATHS = (
					"$(SDKROOT)/Developer/Library/Frameworks",
					"$(inherited)",
					"$(DEVELOPER_FRAMEWORKS_DIR)",
				);
				GCC_PRECOMPILE_PREFIX_HEADER = YES;
				GCC_PREFIX_HEADER = "Hypnotizer/Hypnotizer-Prefix.pch";
				GCC_PREPROCESSOR_DEFINITIONS = (
					"DEBUG=1",
					"$(inherited)",
				);
				INFOPLIST_FILE = "HypnotizerTests/HypnosisterTests-Info.plist";
				PRODUCT_NAME = HypnosisterTests;
				TEST_HOST = "$(BUNDLE_LOADER)";
				WRAPPER_EXTENSION = xctest;
			};
			name = Debug;
		};
		5E6F2F34193D90D300D097F2 /* Release */ = {
			isa = XCBuildConfiguration;
			buildSettings = {
				BUNDLE_LOADER = "$(BUILT_PRODUCTS_DIR)/Hypnotizer.app/Hypnotizer";
				FRAMEWORK_SEARCH_PATHS = (
					"$(SDKROOT)/Developer/Library/Frameworks",
					"$(inherited)",
					"$(DEVELOPER_FRAMEWORKS_DIR)",
				);
				GCC_PRECOMPILE_PREFIX_HEADER = YES;
				GCC_PREFIX_HEADER = "Hypnotizer/Hypnotizer-Prefix.pch";
				INFOPLIST_FILE = "HypnotizerTests/HypnosisterTests-Info.plist";
				PRODUCT_NAME = HypnosisterTests;
				TEST_HOST = "$(BUNDLE_LOADER)";
				WRAPPER_EXTENSION = xctest;
			};
			name = Release;
		};
/* End XCBuildConfiguration section */

/* Begin XCConfigurationList section */
		5E6F2EFE193D90D300D097F2 /* Build configuration list for PBXProject "Hypnosister" */ = {
			isa = XCConfigurationList;
			buildConfigurations = (
				5E6F2F2D193D90D300D097F2 /* Debug */,
				5E6F2F2E193D90D300D097F2 /* Release */,
			);
			defaultConfigurationIsVisible = 0;
			defaultConfigurationName = Release;
		};
		5E6F2F2F193D90D300D097F2 /* Build configuration list for PBXNativeTarget "Hypnosister" */ = {
			isa = XCConfigurationList;
			buildConfigurations = (
				5E6F2F30193D90D300D097F2 /* Debug */,
				5E6F2F31193D90D300D097F2 /* Release */,
			);
			defaultConfigurationIsVisible = 0;
		};
		5E6F2F32193D90D300D097F2 /* Build configuration list for PBXNativeTarget "HypnosisterTests" */ = {
			isa = XCConfigurationList;
			buildConfigurations = (
				5E6F2F33193D90D300D097F2 /* Debug */,
				5E6F2F34193D90D300D097F2 /* Release */,
			);
			defaultConfigurationIsVisible = 0;
		};
/* End XCConfigurationList section */
	};
	rootObject = 5E6F2EFB193D90D300D097F2 /* Project object */;
}
