// !$*UTF8*$!
{
	archiveVersion = 1;
	classes = {
	};
	objectVersion = 46;
	objects = {

/* Begin PBXBuildFile section */
		5E49C46E19466CA400E69659 /* Foundation.framework in Frameworks */ = {isa = PBXBuildFile; fileRef = 5E49C46D19466CA400E69659 /* Foundation.framework */; };
		5E49C47019466CA400E69659 /* CoreGraphics.framework in Frameworks */ = {isa = PBXBuildFile; fileRef = 5E49C46F19466CA400E69659 /* CoreGraphics.framework */; };
		5E49C47219466CA400E69659 /* UIKit.framework in Frameworks */ = {isa = PBXBuildFile; fileRef = 5E49C47119466CA400E69659 /* UIKit.framework */; };
		5E49C47819466CA400E69659 /* InfoPlist.strings in Resources */ = {isa = PBXBuildFile; fileRef = 5E49C47619466CA400E69659 /* InfoPlist.strings */; };
		5E49C47A19466CA400E69659 /* main.m in Sources */ = {isa = PBXBuildFile; fileRef = 5E49C47919466CA400E69659 /* main.m */; };
		5E49C47E19466CA400E69659 /* BNRAppDelegate.m in Sources */ = {isa = PBXBuildFile; fileRef = 5E49C47D19466CA400E69659 /* BNRAppDelegate.m */; };
		5E49C48019466CA400E69659 /* Images.xcassets in Resources */ = {isa = PBXBuildFile; fileRef = 5E49C47F19466CA400E69659 /* Images.xcassets */; };
		5E49C48719466CA400E69659 /* XCTest.framework in Frameworks */ = {isa = PBXBuildFile; fileRef = 5E49C48619466CA400E69659 /* XCTest.framework */; };
		5E49C48819466CA400E69659 /* Foundation.framework in Frameworks */ = {isa = PBXBuildFile; fileRef = 5E49C46D19466CA400E69659 /* Foundation.framework */; };
		5E49C48919466CA400E69659 /* UIKit.framework in Frameworks */ = {isa = PBXBuildFile; fileRef = 5E49C47119466CA400E69659 /* UIKit.framework */; };
		5E49C49119466CA400E69659 /* InfoPlist.strings in Resources */ = {isa = PBXBuildFile; fileRef = 5E49C48F19466CA400E69659 /* InfoPlist.strings */; };
		5E49C49319466CA400E69659 /* HomepwnerTests.m in Sources */ = {isa = PBXBuildFile; fileRef = 5E49C49219466CA400E69659 /* HomepwnerTests.m */; };
		5E49C49E1946743D00E69659 /* BNRItemsViewController.m in Sources */ = {isa = PBXBuildFile; fileRef = 5E49C49D1946743D00E69659 /* BNRItemsViewController.m */; };
		5E49C4A11946773700E69659 /* BNRItem.m in Sources */ = {isa = PBXBuildFile; fileRef = 5E49C4A01946773700E69659 /* BNRItem.m */; };
		5E49C4A4194739F400E69659 /* BNRItemStore.m in Sources */ = {isa = PBXBuildFile; fileRef = 5E49C4A3194739F400E69659 /* BNRItemStore.m */; };
		5E8D88121947E42200074744 /* HeaderView.xib in Resources */ = {isa = PBXBuildFile; fileRef = 5E8D88111947E42200074744 /* HeaderView.xib */; };
/* End PBXBuildFile section */

/* Begin PBXContainerItemProxy section */
		5E49C48A19466CA400E69659 /* PBXContainerItemProxy */ = {
			isa = PBXContainerItemProxy;
			containerPortal = 5E49C46219466CA400E69659 /* Project object */;
			proxyType = 1;
			remoteGlobalIDString = 5E49C46919466CA400E69659;
			remoteInfo = Homepwner;
		};
/* End PBXContainerItemProxy section */

/* Begin PBXFileReference section */
		5E49C46A19466CA400E69659 /* Homepwner.app */ = {isa = PBXFileReference; explicitFileType = wrapper.application; includeInIndex = 0; path = Homepwner.app; sourceTree = BUILT_PRODUCTS_DIR; };
		5E49C46D19466CA400E69659 /* Foundation.framework */ = {isa = PBXFileReference; lastKnownFileType = wrapper.framework; name = Foundation.framework; path = System/Library/Frameworks/Foundation.framework; sourceTree = SDKROOT; };
		5E49C46F19466CA400E69659 /* CoreGraphics.framework */ = {isa = PBXFileReference; lastKnownFileType = wrapper.framework; name = CoreGraphics.framework; path = System/Library/Frameworks/CoreGraphics.framework; sourceTree = SDKROOT; };
		5E49C47119466CA400E69659 /* UIKit.framework */ = {isa = PBXFileReference; lastKnownFileType = wrapper.framework; name = UIKit.framework; path = System/Library/Frameworks/UIKit.framework; sourceTree = SDKROOT; };
		5E49C47519466CA400E69659 /* Homepwner-Info.plist */ = {isa = PBXFileReference; lastKnownFileType = text.plist.xml; path = "Homepwner-Info.plist"; sourceTree = "<group>"; };
		5E49C47719466CA400E69659 /* en */ = {isa = PBXFileReference; lastKnownFileType = text.plist.strings; name = en; path = en.lproj/InfoPlist.strings; sourceTree = "<group>"; };
		5E49C47919466CA400E69659 /* main.m */ = {isa = PBXFileReference; lastKnownFileType = sourcecode.c.objc; path = main.m; sourceTree = "<group>"; };
		5E49C47B19466CA400E69659 /* Homepwner-Prefix.pch */ = {isa = PBXFileReference; lastKnownFileType = sourcecode.c.h; path = "Homepwner-Prefix.pch"; sourceTree = "<group>"; };
		5E49C47C19466CA400E69659 /* BNRAppDelegate.h */ = {isa = PBXFileReference; lastKnownFileType = sourcecode.c.h; path = BNRAppDelegate.h; sourceTree = "<group>"; };
		5E49C47D19466CA400E69659 /* BNRAppDelegate.m */ = {isa = PBXFileReference; lastKnownFileType = sourcecode.c.objc; path = BNRAppDelegate.m; sourceTree = "<group>"; };
		5E49C47F19466CA400E69659 /* Images.xcassets */ = {isa = PBXFileReference; lastKnownFileType = folder.assetcatalog; path = Images.xcassets; sourceTree = "<group>"; };
		5E49C48519466CA400E69659 /* HomepwnerTests.xctest */ = {isa = PBXFileReference; explicitFileType = wrapper.cfbundle; includeInIndex = 0; path = HomepwnerTests.xctest; sourceTree = BUILT_PRODUCTS_DIR; };
		5E49C48619466CA400E69659 /* XCTest.framework */ = {isa = PBXFileReference; lastKnownFileType = wrapper.framework; name = XCTest.framework; path = Library/Frameworks/XCTest.framework; sourceTree = DEVELOPER_DIR; };
		5E49C48E19466CA400E69659 /* HomepwnerTests-Info.plist */ = {isa = PBXFileReference; lastKnownFileType = text.plist.xml; path = "HomepwnerTests-Info.plist"; sourceTree = "<group>"; };
		5E49C49019466CA400E69659 /* en */ = {isa = PBXFileReference; lastKnownFileType = text.plist.strings; name = en; path = en.lproj/InfoPlist.strings; sourceTree = "<group>"; };
		5E49C49219466CA400E69659 /* HomepwnerTests.m */ = {isa = PBXFileReference; lastKnownFileType = sourcecode.c.objc; path = HomepwnerTests.m; sourceTree = "<group>"; };
		5E49C49C1946743D00E69659 /* BNRItemsViewController.h */ = {isa = PBXFileReference; fileEncoding = 4; lastKnownFileType = sourcecode.c.h; path = BNRItemsViewController.h; sourceTree = "<group>"; };
		5E49C49D1946743D00E69659 /* BNRItemsViewController.m */ = {isa = PBXFileReference; fileEncoding = 4; lastKnownFileType = sourcecode.c.objc; path = BNRItemsViewController.m; sourceTree = "<group>"; };
		5E49C49F1946773700E69659 /* BNRItem.h */ = {isa = PBXFileReference; fileEncoding = 4; lastKnownFileType = sourcecode.c.h; path = BNRItem.h; sourceTree = "<group>"; };
		5E49C4A01946773700E69659 /* BNRItem.m */ = {isa = PBXFileReference; fileEncoding = 4; lastKnownFileType = sourcecode.c.objc; path = BNRItem.m; sourceTree = "<group>"; };
		5E49C4A2194739F400E69659 /* BNRItemStore.h */ = {isa = PBXFileReference; fileEncoding = 4; lastKnownFileType = sourcecode.c.h; path = BNRItemStore.h; sourceTree = "<group>"; };
		5E49C4A3194739F400E69659 /* BNRItemStore.m */ = {isa = PBXFileReference; fileEncoding = 4; lastKnownFileType = sourcecode.c.objc; path = BNRItemStore.m; sourceTree = "<group>"; };
		5E8D88111947E42200074744 /* HeaderView.xib */ = {isa = PBXFileReference; fileEncoding = 4; lastKnownFileType = file.xib; path = HeaderView.xib; sourceTree = "<group>"; };
/* End PBXFileReference section */

/* Begin PBXFrameworksBuildPhase section */
		5E49C46719466CA400E69659 /* Frameworks */ = {
			isa = PBXFrameworksBuildPhase;
			buildActionMask = 2147483647;
			files = (
				5E49C47019466CA400E69659 /* CoreGraphics.framework in Frameworks */,
				5E49C47219466CA400E69659 /* UIKit.framework in Frameworks */,
				5E49C46E19466CA400E69659 /* Foundation.framework in Frameworks */,
			);
			runOnlyForDeploymentPostprocessing = 0;
		};
		5E49C48219466CA400E69659 /* Frameworks */ = {
			isa = PBXFrameworksBuildPhase;
			buildActionMask = 2147483647;
			files = (
				5E49C48719466CA400E69659 /* XCTest.framework in Frameworks */,
				5E49C48919466CA400E69659 /* UIKit.framework in Frameworks */,
				5E49C48819466CA400E69659 /* Foundation.framework in Frameworks */,
			);
			runOnlyForDeploymentPostprocessing = 0;
		};
/* End PBXFrameworksBuildPhase section */

/* Begin PBXGroup section */
		5E49C46119466CA400E69659 = {
			isa = PBXGroup;
			children = (
				5E49C47319466CA400E69659 /* Homepwner */,
				5E49C48C19466CA400E69659 /* HomepwnerTests */,
				5E49C46C19466CA400E69659 /* Frameworks */,
				5E49C46B19466CA400E69659 /* Products */,
			);
			sourceTree = "<group>";
		};
		5E49C46B19466CA400E69659 /* Products */ = {
			isa = PBXGroup;
			children = (
				5E49C46A19466CA400E69659 /* Homepwner.app */,
				5E49C48519466CA400E69659 /* HomepwnerTests.xctest */,
			);
			name = Products;
			sourceTree = "<group>";
		};
		5E49C46C19466CA400E69659 /* Frameworks */ = {
			isa = PBXGroup;
			children = (
				5E49C46D19466CA400E69659 /* Foundation.framework */,
				5E49C46F19466CA400E69659 /* CoreGraphics.framework */,
				5E49C47119466CA400E69659 /* UIKit.framework */,
				5E49C48619466CA400E69659 /* XCTest.framework */,
			);
			name = Frameworks;
			sourceTree = "<group>";
		};
		5E49C47319466CA400E69659 /* Homepwner */ = {
			isa = PBXGroup;
			children = (
				5E49C49F1946773700E69659 /* BNRItem.h */,
				5E49C4A01946773700E69659 /* BNRItem.m */,
				5E49C4A2194739F400E69659 /* BNRItemStore.h */,
				5E49C4A3194739F400E69659 /* BNRItemStore.m */,
				5E49C49C1946743D00E69659 /* BNRItemsViewController.h */,
				5E49C49D1946743D00E69659 /* BNRItemsViewController.m */,
				5E8D88111947E42200074744 /* HeaderView.xib */,
				5E49C47C19466CA400E69659 /* BNRAppDelegate.h */,
				5E49C47D19466CA400E69659 /* BNRAppDelegate.m */,
				5E49C47F19466CA400E69659 /* Images.xcassets */,
				5E49C47419466CA400E69659 /* Supporting Files */,
			);
			path = Homepwner;
			sourceTree = "<group>";
		};
		5E49C47419466CA400E69659 /* Supporting Files */ = {
			isa = PBXGroup;
			children = (
				5E49C47519466CA400E69659 /* Homepwner-Info.plist */,
				5E49C47619466CA400E69659 /* InfoPlist.strings */,
				5E49C47919466CA400E69659 /* main.m */,
				5E49C47B19466CA400E69659 /* Homepwner-Prefix.pch */,
			);
			name = "Supporting Files";
			sourceTree = "<group>";
		};
		5E49C48C19466CA400E69659 /* HomepwnerTests */ = {
			isa = PBXGroup;
			children = (
				5E49C49219466CA400E69659 /* HomepwnerTests.m */,
				5E49C48D19466CA400E69659 /* Supporting Files */,
			);
			path = HomepwnerTests;
			sourceTree = "<group>";
		};
		5E49C48D19466CA400E69659 /* Supporting Files */ = {
			isa = PBXGroup;
			children = (
				5E49C48E19466CA400E69659 /* HomepwnerTests-Info.plist */,
				5E49C48F19466CA400E69659 /* InfoPlist.strings */,
			);
			name = "Supporting Files";
			sourceTree = "<group>";
		};
/* End PBXGroup section */

/* Begin PBXNativeTarget section */
		5E49C46919466CA400E69659 /* Homepwner */ = {
			isa = PBXNativeTarget;
			buildConfigurationList = 5E49C49619466CA400E69659 /* Build configuration list for PBXNativeTarget "Homepwner" */;
			buildPhases = (
				5E49C46619466CA400E69659 /* Sources */,
				5E49C46719466CA400E69659 /* Frameworks */,
				5E49C46819466CA400E69659 /* Resources */,
			);
			buildRules = (
			);
			dependencies = (
			);
			name = Homepwner;
			productName = Homepwner;
			productReference = 5E49C46A19466CA400E69659 /* Homepwner.app */;
			productType = "com.apple.product-type.application";
		};
		5E49C48419466CA400E69659 /* HomepwnerTests */ = {
			isa = PBXNativeTarget;
			buildConfigurationList = 5E49C49919466CA400E69659 /* Build configuration list for PBXNativeTarget "HomepwnerTests" */;
			buildPhases = (
				5E49C48119466CA400E69659 /* Sources */,
				5E49C48219466CA400E69659 /* Frameworks */,
				5E49C48319466CA400E69659 /* Resources */,
			);
			buildRules = (
			);
			dependencies = (
				5E49C48B19466CA400E69659 /* PBXTargetDependency */,
			);
			name = HomepwnerTests;
			productName = HomepwnerTests;
			productReference = 5E49C48519466CA400E69659 /* HomepwnerTests.xctest */;
			productType = "com.apple.product-type.bundle.unit-test";
		};
/* End PBXNativeTarget section */

/* Begin PBXProject section */
		5E49C46219466CA400E69659 /* Project object */ = {
			isa = PBXProject;
			attributes = {
				CLASSPREFIX = BNR;
				LastUpgradeCheck = 0510;
				ORGANIZATIONNAME = "Big Nerd Ranch";
				TargetAttributes = {
					5E49C48419466CA400E69659 = {
						TestTargetID = 5E49C46919466CA400E69659;
					};
				};
			};
			buildConfigurationList = 5E49C46519466CA400E69659 /* Build configuration list for PBXProject "Homepwner" */;
			compatibilityVersion = "Xcode 3.2";
			developmentRegion = English;
			hasScannedForEncodings = 0;
			knownRegions = (
				en,
			);
			mainGroup = 5E49C46119466CA400E69659;
			productRefGroup = 5E49C46B19466CA400E69659 /* Products */;
			projectDirPath = "";
			projectRoot = "";
			targets = (
				5E49C46919466CA400E69659 /* Homepwner */,
				5E49C48419466CA400E69659 /* HomepwnerTests */,
			);
		};
/* End PBXProject section */

/* Begin PBXResourcesBuildPhase section */
		5E49C46819466CA400E69659 /* Resources */ = {
			isa = PBXResourcesBuildPhase;
			buildActionMask = 2147483647;
			files = (
				5E8D88121947E42200074744 /* HeaderView.xib in Resources */,
				5E49C47819466CA400E69659 /* InfoPlist.strings in Resources */,
				5E49C48019466CA400E69659 /* Images.xcassets in Resources */,
			);
			runOnlyForDeploymentPostprocessing = 0;
		};
		5E49C48319466CA400E69659 /* Resources */ = {
			isa = PBXResourcesBuildPhase;
			buildActionMask = 2147483647;
			files = (
				5E49C49119466CA400E69659 /* InfoPlist.strings in Resources */,
			);
			runOnlyForDeploymentPostprocessing = 0;
		};
/* End PBXResourcesBuildPhase section */

/* Begin PBXSourcesBuildPhase section */
		5E49C46619466CA400E69659 /* Sources */ = {
			isa = PBXSourcesBuildPhase;
			buildActionMask = 2147483647;
			files = (
				5E49C4A4194739F400E69659 /* BNRItemStore.m in Sources */,
				5E49C49E1946743D00E69659 /* BNRItemsViewController.m in Sources */,
				5E49C4A11946773700E69659 /* BNRItem.m in Sources */,
				5E49C47A19466CA400E69659 /* main.m in Sources */,
				5E49C47E19466CA400E69659 /* BNRAppDelegate.m in Sources */,
			);
			runOnlyForDeploymentPostprocessing = 0;
		};
		5E49C48119466CA400E69659 /* Sources */ = {
			isa = PBXSourcesBuildPhase;
			buildActionMask = 2147483647;
			files = (
				5E49C49319466CA400E69659 /* HomepwnerTests.m in Sources */,
			);
			runOnlyForDeploymentPostprocessing = 0;
		};
/* End PBXSourcesBuildPhase section */

/* Begin PBXTargetDependency section */
		5E49C48B19466CA400E69659 /* PBXTargetDependency */ = {
			isa = PBXTargetDependency;
			target = 5E49C46919466CA400E69659 /* Homepwner */;
			targetProxy = 5E49C48A19466CA400E69659 /* PBXContainerItemProxy */;
		};
/* End PBXTargetDependency section */

/* Begin PBXVariantGroup section */
		5E49C47619466CA400E69659 /* InfoPlist.strings */ = {
			isa = PBXVariantGroup;
			children = (
				5E49C47719466CA400E69659 /* en */,
			);
			name = InfoPlist.strings;
			sourceTree = "<group>";
		};
		5E49C48F19466CA400E69659 /* InfoPlist.strings */ = {
			isa = PBXVariantGroup;
			children = (
				5E49C49019466CA400E69659 /* en */,
			);
			name = InfoPlist.strings;
			sourceTree = "<group>";
		};
/* End PBXVariantGroup section */

/* Begin XCBuildConfiguration section */
		5E49C49419466CA400E69659 /* Debug */ = {
			isa = XCBuildConfiguration;
			buildSettings = {
				ALWAYS_SEARCH_USER_PATHS = NO;
				CLANG_CXX_LANGUAGE_STANDARD = "gnu++0x";
				CLANG_CXX_LIBRARY = "libc++";
				CLANG_ENABLE_MODULES = YES;
				CLANG_ENABLE_OBJC_ARC = YES;
				CLANG_WARN_BOOL_CONVERSION = YES;
				CLANG_WARN_CONSTANT_CONVERSION = YES;
				CLANG_WARN_DIRECT_OBJC_ISA_USAGE = YES_ERROR;
				CLANG_WARN_EMPTY_BODY = YES;
				CLANG_WARN_ENUM_CONVERSION = YES;
				CLANG_WARN_INT_CONVERSION = YES;
				CLANG_WARN_OBJC_ROOT_CLASS = YES_ERROR;
				CLANG_WARN__DUPLICATE_METHOD_MATCH = YES;
				"CODE_SIGN_IDENTITY[sdk=iphoneos*]" = "iPhone Developer";
				COPY_PHASE_STRIP = NO;
				GCC_C_LANGUAGE_STANDARD = gnu99;
				GCC_DYNAMIC_NO_PIC = NO;
				GCC_OPTIMIZATION_LEVEL = 0;
				GCC_PREPROCESSOR_DEFINITIONS = (
					"DEBUG=1",
					"$(inherited)",
				);
				GCC_SYMBOLS_PRIVATE_EXTERN = NO;
				GCC_WARN_64_TO_32_BIT_CONVERSION = YES;
				GCC_WARN_ABOUT_RETURN_TYPE = YES_ERROR;
				GCC_WARN_UNDECLARED_SELECTOR = YES;
				GCC_WARN_UNINITIALIZED_AUTOS = YES_AGGRESSIVE;
				GCC_WARN_UNUSED_FUNCTION = YES;
				GCC_WARN_UNUSED_VARIABLE = YES;
				IPHONEOS_DEPLOYMENT_TARGET = 7.1;
				ONLY_ACTIVE_ARCH = YES;
				SDKROOT = iphoneos;
			};
			name = Debug;
		};
		5E49C49519466CA400E69659 /* Release */ = {
			isa = XCBuildConfiguration;
			buildSettings = {
				ALWAYS_SEARCH_USER_PATHS = NO;
				CLANG_CXX_LANGUAGE_STANDARD = "gnu++0x";
				CLANG_CXX_LIBRARY = "libc++";
				CLANG_ENABLE_MODULES = YES;
				CLANG_ENABLE_OBJC_ARC = YES;
				CLANG_WARN_BOOL_CONVERSION = YES;
				CLANG_WARN_CONSTANT_CONVERSION = YES;
				CLANG_WARN_DIRECT_OBJC_ISA_USAGE = YES_ERROR;
				CLANG_WARN_EMPTY_BODY = YES;
				CLANG_WARN_ENUM_CONVERSION = YES;
				CLANG_WARN_INT_CONVERSION = YES;
				CLANG_WARN_OBJC_ROOT_CLASS = YES_ERROR;
				CLANG_WARN__DUPLICATE_METHOD_MATCH = YES;
				"CODE_SIGN_IDENTITY[sdk=iphoneos*]" = "iPhone Developer";
				COPY_PHASE_STRIP = YES;
				ENABLE_NS_ASSERTIONS = NO;
				GCC_C_LANGUAGE_STANDARD = gnu99;
				GCC_WARN_64_TO_32_BIT_CONVERSION = YES;
				GCC_WARN_ABOUT_RETURN_TYPE = YES_ERROR;
				GCC_WARN_UNDECLARED_SELECTOR = YES;
				GCC_WARN_UNINITIALIZED_AUTOS = YES_AGGRESSIVE;
				GCC_WARN_UNUSED_FUNCTION = YES;
				GCC_WARN_UNUSED_VARIABLE = YES;
				IPHONEOS_DEPLOYMENT_TARGET = 7.1;
				SDKROOT = iphoneos;
				VALIDATE_PRODUCT = YES;
			};
			name = Release;
		};
		5E49C49719466CA400E69659 /* Debug */ = {
			isa = XCBuildConfiguration;
			buildSettings = {
				ASSETCATALOG_COMPILER_APPICON_NAME = AppIcon;
				ASSETCATALOG_COMPILER_LAUNCHIMAGE_NAME = LaunchImage;
				GCC_PRECOMPILE_PREFIX_HEADER = YES;
				GCC_PREFIX_HEADER = "Homepwner/Homepwner-Prefix.pch";
				INFOPLIST_FILE = "Homepwner/Homepwner-Info.plist";
				PRODUCT_NAME = "$(TARGET_NAME)";
				WRAPPER_EXTENSION = app;
			};
			name = Debug;
		};
		5E49C49819466CA400E69659 /* Release */ = {
			isa = XCBuildConfiguration;
			buildSettings = {
				ASSETCATALOG_COMPILER_APPICON_NAME = AppIcon;
				ASSETCATALOG_COMPILER_LAUNCHIMAGE_NAME = LaunchImage;
				GCC_PRECOMPILE_PREFIX_HEADER = YES;
				GCC_PREFIX_HEADER = "Homepwner/Homepwner-Prefix.pch";
				INFOPLIST_FILE = "Homepwner/Homepwner-Info.plist";
				PRODUCT_NAME = "$(TARGET_NAME)";
				WRAPPER_EXTENSION = app;
			};
			name = Release;
		};
		5E49C49A19466CA400E69659 /* Debug */ = {
			isa = XCBuildConfiguration;
			buildSettings = {
				BUNDLE_LOADER = "$(BUILT_PRODUCTS_DIR)/Homepwner.app/Homepwner";
				FRAMEWORK_SEARCH_PATHS = (
					"$(SDKROOT)/Developer/Library/Frameworks",
					"$(inherited)",
					"$(DEVELOPER_FRAMEWORKS_DIR)",
				);
				GCC_PRECOMPILE_PREFIX_HEADER = YES;
				GCC_PREFIX_HEADER = "Homepwner/Homepwner-Prefix.pch";
				GCC_PREPROCESSOR_DEFINITIONS = (
					"DEBUG=1",
					"$(inherited)",
				);
				INFOPLIST_FILE = "HomepwnerTests/HomepwnerTests-Info.plist";
				PRODUCT_NAME = "$(TARGET_NAME)";
				TEST_HOST = "$(BUNDLE_LOADER)";
				WRAPPER_EXTENSION = xctest;
			};
			name = Debug;
		};
		5E49C49B19466CA400E69659 /* Release */ = {
			isa = XCBuildConfiguration;
			buildSettings = {
				BUNDLE_LOADER = "$(BUILT_PRODUCTS_DIR)/Homepwner.app/Homepwner";
				FRAMEWORK_SEARCH_PATHS = (
					"$(SDKROOT)/Developer/Library/Frameworks",
					"$(inherited)",
					"$(DEVELOPER_FRAMEWORKS_DIR)",
				);
				GCC_PRECOMPILE_PREFIX_HEADER = YES;
				GCC_PREFIX_HEADER = "Homepwner/Homepwner-Prefix.pch";
				INFOPLIST_FILE = "HomepwnerTests/HomepwnerTests-Info.plist";
				PRODUCT_NAME = "$(TARGET_NAME)";
				TEST_HOST = "$(BUNDLE_LOADER)";
				WRAPPER_EXTENSION = xctest;
			};
			name = Release;
		};
/* End XCBuildConfiguration section */

/* Begin XCConfigurationList section */
		5E49C46519466CA400E69659 /* Build configuration list for PBXProject "Homepwner" */ = {
			isa = XCConfigurationList;
			buildConfigurations = (
				5E49C49419466CA400E69659 /* Debug */,
				5E49C49519466CA400E69659 /* Release */,
			);
			defaultConfigurationIsVisible = 0;
			defaultConfigurationName = Release;
		};
		5E49C49619466CA400E69659 /* Build configuration list for PBXNativeTarget "Homepwner" */ = {
			isa = XCConfigurationList;
			buildConfigurations = (
				5E49C49719466CA400E69659 /* Debug */,
				5E49C49819466CA400E69659 /* Release */,
			);
			defaultConfigurationIsVisible = 0;
			defaultConfigurationName = Release;
		};
		5E49C49919466CA400E69659 /* Build configuration list for PBXNativeTarget "HomepwnerTests" */ = {
			isa = XCConfigurationList;
			buildConfigurations = (
				5E49C49A19466CA400E69659 /* Debug */,
				5E49C49B19466CA400E69659 /* Release */,
			);
			defaultConfigurationIsVisible = 0;
			defaultConfigurationName = Release;
		};
/* End XCConfigurationList section */
	};
	rootObject = 5E49C46219466CA400E69659 /* Project object */;
}
